// !$*UTF8*$!
{
	archiveVersion = 1;
	classes = {
	};
	objectVersion = 46;
	objects = {

/* Begin PBXBuildFile section */
		9C4A94CA1676D21700F17C90 /* UIKit.framework in Frameworks */ = {isa = PBXBuildFile; fileRef = 9C4A94C91676D21700F17C90 /* UIKit.framework */; };
		9C4A94CC1676D21700F17C90 /* Foundation.framework in Frameworks */ = {isa = PBXBuildFile; fileRef = 9C4A94CB1676D21700F17C90 /* Foundation.framework */; };
		9C4A94CE1676D21700F17C90 /* CoreGraphics.framework in Frameworks */ = {isa = PBXBuildFile; fileRef = 9C4A94CD1676D21700F17C90 /* CoreGraphics.framework */; };
		9C4A94D41676D21700F17C90 /* InfoPlist.strings in Resources */ = {isa = PBXBuildFile; fileRef = 9C4A94D21676D21700F17C90 /* InfoPlist.strings */; };
		9C4A94D61676D21700F17C90 /* main.m in Sources */ = {isa = PBXBuildFile; fileRef = 9C4A94D51676D21700F17C90 /* main.m */; };
		9C4A94DA1676D21700F17C90 /* AppDelegate.m in Sources */ = {isa = PBXBuildFile; fileRef = 9C4A94D91676D21700F17C90 /* AppDelegate.m */; };
		9C4A94DC1676D21700F17C90 /* Default.png in Resources */ = {isa = PBXBuildFile; fileRef = 9C4A94DB1676D21700F17C90 /* Default.png */; };
		9C4A94DE1676D21700F17C90 /* Default@2x.png in Resources */ = {isa = PBXBuildFile; fileRef = 9C4A94DD1676D21700F17C90 /* Default@2x.png */; };
		9C4A94E01676D21700F17C90 /* Default-568h@2x.png in Resources */ = {isa = PBXBuildFile; fileRef = 9C4A94DF1676D21700F17C90 /* Default-568h@2x.png */; };
/* End PBXBuildFile section */

/* Begin PBXFileReference section */
		9C4A94C51676D21700F17C90 /* WFNavigation.app */ = {isa = PBXFileReference; explicitFileType = wrapper.application; includeInIndex = 0; path = WFNavigation.app; sourceTree = BUILT_PRODUCTS_DIR; };
		9C4A94C91676D21700F17C90 /* UIKit.framework */ = {isa = PBXFileReference; lastKnownFileType = wrapper.framework; name = UIKit.framework; path = System/Library/Frameworks/UIKit.framework; sourceTree = SDKROOT; };
		9C4A94CB1676D21700F17C90 /* Foundation.framework */ = {isa = PBXFileReference; lastKnownFileType = wrapper.framework; name = Foundation.framework; path = System/Library/Frameworks/Foundation.framework; sourceTree = SDKROOT; };
		9C4A94CD1676D21700F17C90 /* CoreGraphics.framework */ = {isa = PBXFileReference; lastKnownFileType = wrapper.framework; name = CoreGraphics.framework; path = System/Library/Frameworks/CoreGraphics.framework; sourceTree = SDKROOT; };
		9C4A94D11676D21700F17C90 /* WFNavigation-Info.plist */ = {isa = PBXFileReference; lastKnownFileType = text.plist.xml; path = "WFNavigation-Info.plist"; sourceTree = "<group>"; };
		9C4A94D31676D21700F17C90 /* en */ = {isa = PBXFileReference; lastKnownFileType = text.plist.strings; name = en; path = en.lproj/InfoPlist.strings; sourceTree = "<group>"; };
		9C4A94D51676D21700F17C90 /* main.m */ = {isa = PBXFileReference; lastKnownFileType = sourcecode.c.objc; path = main.m; sourceTree = "<group>"; };
		9C4A94D71676D21700F17C90 /* WFNavigation-Prefix.pch */ = {isa = PBXFileReference; lastKnownFileType = sourcecode.c.h; path = "WFNavigation-Prefix.pch"; sourceTree = "<group>"; };
		9C4A94D81676D21700F17C90 /* AppDelegate.h */ = {isa = PBXFileReference; lastKnownFileType = sourcecode.c.h; path = AppDelegate.h; sourceTree = "<group>"; };
		9C4A94D91676D21700F17C90 /* AppDelegate.m */ = {isa = PBXFileReference; lastKnownFileType = sourcecode.c.objc; path = AppDelegate.m; sourceTree = "<group>"; };
		9C4A94DB1676D21700F17C90 /* Default.png */ = {isa = PBXFileReference; lastKnownFileType = image.png; path = Default.png; sourceTree = "<group>"; };
		9C4A94DD1676D21700F17C90 /* Default@2x.png */ = {isa = PBXFileReference; lastKnownFileType = image.png; path = "Default@2x.png"; sourceTree = "<group>"; };
		9C4A94DF1676D21700F17C90 /* Default-568h@2x.png */ = {isa = PBXFileReference; lastKnownFileType = image.png; path = "Default-568h@2x.png"; sourceTree = "<group>"; };
/* End PBXFileReference section */

/* Begin PBXFrameworksBuildPhase section */
		9C4A94C21676D21700F17C90 /* Frameworks */ = {
			isa = PBXFrameworksBuildPhase;
			buildActionMask = 2147483647;
			files = (
				9C4A94CA1676D21700F17C90 /* UIKit.framework in Frameworks */,
				9C4A94CC1676D21700F17C90 /* Foundation.framework in Frameworks */,
				9C4A94CE1676D21700F17C90 /* CoreGraphics.framework in Frameworks */,
			);
			runOnlyForDeploymentPostprocessing = 0;
		};
/* End PBXFrameworksBuildPhase section */

/* Begin PBXGroup section */
		9C4A94BA1676D21600F17C90 = {
			isa = PBXGroup;
			children = (
				9C4A94CF1676D21700F17C90 /* WFNavigation */,
				9C4A94C81676D21700F17C90 /* Frameworks */,
				9C4A94C61676D21700F17C90 /* Products */,
			);
			sourceTree = "<group>";
		};
		9C4A94C61676D21700F17C90 /* Products */ = {
			isa = PBXGroup;
			children = (
				9C4A94C51676D21700F17C90 /* WFNavigation.app */,
			);
			name = Products;
			sourceTree = "<group>";
		};
		9C4A94C81676D21700F17C90 /* Frameworks */ = {
			isa = PBXGroup;
			children = (
				9C4A94C91676D21700F17C90 /* UIKit.framework */,
				9C4A94CB1676D21700F17C90 /* Foundation.framework */,
				9C4A94CD1676D21700F17C90 /* CoreGraphics.framework */,
			);
			name = Frameworks;
			sourceTree = "<group>";
		};
		9C4A94CF1676D21700F17C90 /* WFNavigation */ = {
			isa = PBXGroup;
			children = (
				9C4A94D81676D21700F17C90 /* AppDelegate.h */,
				9C4A94D91676D21700F17C90 /* AppDelegate.m */,
				9C4A94D01676D21700F17C90 /* Supporting Files */,
			);
			path = WFNavigation;
			sourceTree = "<group>";
		};
		9C4A94D01676D21700F17C90 /* Supporting Files */ = {
			isa = PBXGroup;
			children = (
				9C4A94D11676D21700F17C90 /* WFNavigation-Info.plist */,
				9C4A94D21676D21700F17C90 /* InfoPlist.strings */,
				9C4A94D51676D21700F17C90 /* main.m */,
				9C4A94D71676D21700F17C90 /* WFNavigation-Prefix.pch */,
				9C4A94DB1676D21700F17C90 /* Default.png */,
				9C4A94DD1676D21700F17C90 /* Default@2x.png */,
				9C4A94DF1676D21700F17C90 /* Default-568h@2x.png */,
			);
			name = "Supporting Files";
			sourceTree = "<group>";
		};
/* End PBXGroup section */

/* Begin PBXNativeTarget section */
		9C4A94C41676D21700F17C90 /* WFNavigation */ = {
			isa = PBXNativeTarget;
			buildConfigurationList = 9C4A94E31676D21700F17C90 /* Build configuration list for PBXNativeTarget "WFNavigation" */;
			buildPhases = (
				9C4A94C11676D21700F17C90 /* Sources */,
				9C4A94C21676D21700F17C90 /* Frameworks */,
				9C4A94C31676D21700F17C90 /* Resources */,
			);
			buildRules = (
			);
			dependencies = (
			);
			name = WFNavigation;
			productName = WFNavigation;
			productReference = 9C4A94C51676D21700F17C90 /* WFNavigation.app */;
			productType = "com.apple.product-type.application";
		};
/* End PBXNativeTarget section */

/* Begin PBXProject section */
		9C4A94BC1676D21600F17C90 /* Project object */ = {
			isa = PBXProject;
			attributes = {
				LastUpgradeCheck = 0450;
				ORGANIZATIONNAME = "shawnt22@gmail.com";
			};
			buildConfigurationList = 9C4A94BF1676D21600F17C90 /* Build configuration list for PBXProject "WFNavigation" */;
			compatibilityVersion = "Xcode 3.2";
			developmentRegion = English;
			hasScannedForEncodings = 0;
			knownRegions = (
				en,
			);
			mainGroup = 9C4A94BA1676D21600F17C90;
			productRefGroup = 9C4A94C61676D21700F17C90 /* Products */;
			projectDirPath = "";
			projectRoot = "";
			targets = (
				9C4A94C41676D21700F17C90 /* WFNavigation */,
			);
		};
/* End PBXProject section */

/* Begin PBXResourcesBuildPhase section */
		9C4A94C31676D21700F17C90 /* Resources */ = {
			isa = PBXResourcesBuildPhase;
			buildActionMask = 2147483647;
			files = (
				9C4A94D41676D21700F17C90 /* InfoPlist.strings in Resources */,
				9C4A94DC1676D21700F17C90 /* Default.png in Resources */,
				9C4A94DE1676D21700F17C90 /* Default@2x.png in Resources */,
				9C4A94E01676D21700F17C90 /* Default-568h@2x.png in Resources */,
			);
			runOnlyForDeploymentPostprocessing = 0;
		};
/* End PBXResourcesBuildPhase section */

/* Begin PBXSourcesBuildPhase section */
		9C4A94C11676D21700F17C90 /* Sources */ = {
			isa = PBXSourcesBuildPhase;
			buildActionMask = 2147483647;
			files = (
				9C4A94D61676D21700F17C90 /* main.m in Sources */,
				9C4A94DA1676D21700F17C90 /* AppDelegate.m in Sources */,
			);
			runOnlyForDeploymentPostprocessing = 0;
		};
/* End PBXSourcesBuildPhase section */

/* Begin PBXVariantGroup section */
		9C4A94D21676D21700F17C90 /* InfoPlist.strings */ = {
			isa = PBXVariantGroup;
			children = (
				9C4A94D31676D21700F17C90 /* en */,
			);
			name = InfoPlist.strings;
			sourceTree = "<group>";
		};
/* End PBXVariantGroup section */

/* Begin XCBuildConfiguration section */
		9C4A94E11676D21700F17C90 /* Debug */ = {
			isa = XCBuildConfiguration;
			buildSettings = {
				ALWAYS_SEARCH_USER_PATHS = NO;
				CLANG_CXX_LANGUAGE_STANDARD = "gnu++0x";
				CLANG_CXX_LIBRARY = "libc++";
				CLANG_WARN_EMPTY_BODY = YES;
				CLANG_WARN__DUPLICATE_METHOD_MATCH = YES;
				"CODE_SIGN_IDENTITY[sdk=iphoneos*]" = "iPhone Developer";
				COPY_PHASE_STRIP = NO;
				GCC_C_LANGUAGE_STANDARD = gnu99;
				GCC_DYNAMIC_NO_PIC = NO;
				GCC_OPTIMIZATION_LEVEL = 0;
				GCC_PREPROCESSOR_DEFINITIONS = (
					"DEBUG=1",
					"$(inherited)",
				);
				GCC_SYMBOLS_PRIVATE_EXTERN = NO;
				GCC_WARN_ABOUT_RETURN_TYPE = YES;
				GCC_WARN_UNINITIALIZED_AUTOS = YES;
				GCC_WARN_UNUSED_VARIABLE = YES;
				IPHONEOS_DEPLOYMENT_TARGET = 6.0;
				SDKROOT = iphoneos;
			};
			name = Debug;
		};
		9C4A94E21676D21700F17C90 /* Release */ = {
			isa = XCBuildConfiguration;
			buildSettings = {
				ALWAYS_SEARCH_USER_PATHS = NO;
				CLANG_CXX_LANGUAGE_STANDARD = "gnu++0x";
				CLANG_CXX_LIBRARY = "libc++";
				CLANG_WARN_EMPTY_BODY = YES;
				CLANG_WARN__DUPLICATE_METHOD_MATCH = YES;
				"CODE_SIGN_IDENTITY[sdk=iphoneos*]" = "iPhone Developer";
				COPY_PHASE_STRIP = YES;
				GCC_C_LANGUAGE_STANDARD = gnu99;
				GCC_WARN_ABOUT_RETURN_TYPE = YES;
				GCC_WARN_UNINITIALIZED_AUTOS = YES;
				GCC_WARN_UNUSED_VARIABLE = YES;
				IPHONEOS_DEPLOYMENT_TARGET = 6.0;
				OTHER_CFLAGS = "-DNS_BLOCK_ASSERTIONS=1";
				SDKROOT = iphoneos;
				VALIDATE_PRODUCT = YES;
			};
			name = Release;
		};
		9C4A94E41676D21700F17C90 /* Debug */ = {
			isa = XCBuildConfiguration;
			buildSettings = {
				GCC_PRECOMPILE_PREFIX_HEADER = YES;
				GCC_PREFIX_HEADER = "WFNavigation/WFNavigation-Prefix.pch";
				INFOPLIST_FILE = "WFNavigation/WFNavigation-Info.plist";
				PRODUCT_NAME = "$(TARGET_NAME)";
				WRAPPER_EXTENSION = app;
			};
			name = Debug;
		};
		9C4A94E51676D21700F17C90 /* Release */ = {
			isa = XCBuildConfiguration;
			buildSettings = {
				GCC_PRECOMPILE_PREFIX_HEADER = YES;
				GCC_PREFIX_HEADER = "WFNavigation/WFNavigation-Prefix.pch";
				INFOPLIST_FILE = "WFNavigation/WFNavigation-Info.plist";
				PRODUCT_NAME = "$(TARGET_NAME)";
				WRAPPER_EXTENSION = app;
			};
			name = Release;
		};
/* End XCBuildConfiguration section */

/* Begin XCConfigurationList section */
		9C4A94BF1676D21600F17C90 /* Build configuration list for PBXProject "WFNavigation" */ = {
			isa = XCConfigurationList;
			buildConfigurations = (
				9C4A94E11676D21700F17C90 /* Debug */,
				9C4A94E21676D21700F17C90 /* Release */,
			);
			defaultConfigurationIsVisible = 0;
			defaultConfigurationName = Release;
		};
		9C4A94E31676D21700F17C90 /* Build configuration list for PBXNativeTarget "WFNavigation" */ = {
			isa = XCConfigurationList;
			buildConfigurations = (
				9C4A94E41676D21700F17C90 /* Debug */,
				9C4A94E51676D21700F17C90 /* Release */,
			);
			defaultConfigurationIsVisible = 0;
		};
/* End XCConfigurationList section */
	};
	rootObject = 9C4A94BC1676D21600F17C90 /* Project object */;
}
